
Microsoft Visual Studio Solution File, Format Version 12.00
# Visual Studio Version 16
VisualStudioVersion = 16.0.28721.148
MinimumVisualStudioVersion = 10.0.40219.1
Project("{FAE04EC0-301F-11D3-BF4B-00C04F79EFBC}") = "EXGEPA", "EXGEPA\EXGEPA.csproj", "{15868D3E-0F23-4462-8098-F3E9EA92ED4D}"
EndProject
Project("{FAE04EC0-301F-11D3-BF4B-00C04F79EFBC}") = "EXGEPA.Model", "EXGEPA.Model\EXGEPA.Model.csproj", "{3F0D2C86-6076-44CA-B9A1-6949CBAF6C36}"
EndProject
Project("{FAE04EC0-301F-11D3-BF4B-00C04F79EFBC}") = "EXGEPA.Items", "EXGEPA.Items\EXGEPA.Items.csproj", "{4D05F206-6D6B-416A-9A71-7D98261DBC24}"
EndProject
Project("{FAE04EC0-301F-11D3-BF4B-00C04F79EFBC}") = "CORESI.WPF.Core", "CORESI.WPF.Core\CORESI.WPF.Core.csproj", "{E8E75679-CD86-44F0-A2B5-B43809063A37}"
EndProject
Project("{FAE04EC0-301F-11D3-BF4B-00C04F79EFBC}") = "CORESI.DataAccess.Core", "CORESI.DataAccess.Core\CORESI.DataAccess.Core.csproj", "{C06E3B51-B410-497B-A5F6-264C281F8F40}"
EndProject
Project("{FAE04EC0-301F-11D3-BF4B-00C04F79EFBC}") = "EXGEPA.Repository", "EXGEPA.Repository\EXGEPA.Repository.csproj", "{AECF6350-3725-408C-8B86-54B242064146}"
EndProject
Project("{FAE04EC0-301F-11D3-BF4B-00C04F79EFBC}") = "EXGEPA.Localization", "EXGEPA.Localization\EXGEPA.Localization.csproj", "{DB93910C-CCD4-4EB2-9DE3-240379EA049F}"
EndProject
Project("{FAE04EC0-301F-11D3-BF4B-00C04F79EFBC}") = "EXGEPA.Inventory", "EXGEPA.Inventory\EXGEPA.Inventory.csproj", "{08C3281E-EC89-4C37-B775-911153818BC9}"
EndProject
Project("{FAE04EC0-301F-11D3-BF4B-00C04F79EFBC}") = "EXGEPA.Invoice", "EXGEPA.Invoice\EXGEPA.Invoice.csproj", "{7E4CB855-C839-4C29-B1A3-37861CDF6262}"
EndProject
Project("{FAE04EC0-301F-11D3-BF4B-00C04F79EFBC}") = "EXGEPA.DataAccess", "EXGEPA.DataAccess\EXGEPA.DataAccess.csproj", "{92DE82BC-FED0-4E42-ACB4-C411CF530064}"
EndProject
Project("{FAE04EC0-301F-11D3-BF4B-00C04F79EFBC}") = "EXGEPA.Output", "EXGEPA.Output\EXGEPA.Output.csproj", "{DC52FB6E-0CB7-4103-BBC9-948D5BC73F41}"
EndProject
Project("{FAE04EC0-301F-11D3-BF4B-00C04F79EFBC}") = "EXGEPA.Label.Core", "EXGEPA.Label.Core\EXGEPA.Label.Core.csproj", "{A8CA1926-D928-44B6-B36C-D60C8271BD7D}"
EndProject
Project("{FAE04EC0-301F-11D3-BF4B-00C04F79EFBC}") = "EXGEPA.Transfert.Console", "EXGEPA.Transfert.Console\EXGEPA.Transfert.Console.csproj", "{4CFAEFBB-791B-4398-9D10-E96EAA6A39EF}"
EndProject
Project("{FAE04EC0-301F-11D3-BF4B-00C04F79EFBC}") = "CORESI.Report", "CORESI.Report\CORESI.Report.csproj", "{64E9F215-BF65-4533-822E-EB09181401F8}"
EndProject
Project("{FAE04EC0-301F-11D3-BF4B-00C04F79EFBC}") = "EXGEPA.DataBaseBuilder", "EXGEPA.DataBaseBuilder\EXGEPA.DataBaseBuilder.csproj", "{DA25254B-17B0-41A8-80EA-916D3A11797B}"
EndProject
Project("{FAE04EC0-301F-11D3-BF4B-00C04F79EFBC}") = "EXGEPA.Settings", "EXGEPA.Settings\EXGEPA.Settings.csproj", "{FB77B3A8-6FEB-422C-A93E-E82A7A9E4501}"
EndProject
Project("{FAE04EC0-301F-11D3-BF4B-00C04F79EFBC}") = "EXGEPA.Report", "EXGEPA.Report\EXGEPA.Report.csproj", "{DEBD1B8E-7578-42DF-9047-7DE237552EFC}"
EndProject
Project("{FAE04EC0-301F-11D3-BF4B-00C04F79EFBC}") = "EXGEPA.Depreciations", "EXGEPA.Depreciations\EXGEPA.Depreciations.csproj", "{C5E4A616-6396-4325-982E-9EC66EDAF576}"
EndProject
Project("{FAE04EC0-301F-11D3-BF4B-00C04F79EFBC}") = "EXGEPA.Depriciations.Tests", "EXGEPA.Depriciations.Tests\EXGEPA.Depriciations.Tests.csproj", "{E3C431ED-F432-485B-85BB-0C48013812C7}"
EndProject
Project("{FAE04EC0-301F-11D3-BF4B-00C04F79EFBC}") = "EXGEPA.Depreciations.Core", "EXGEPA.Depreciations.Core\EXGEPA.Depreciations.Core.csproj", "{B9485348-2275-41DA-87E9-F504C4154650}"
EndProject
Project("{2150E333-8FDC-42A3-9474-1A3956D46DE8}") = "Tests", "Tests", "{BE5F1F40-C861-4806-9E64-FC5B408613E0}"
EndProject
Project("{FAE04EC0-301F-11D3-BF4B-00C04F79EFBC}") = "CORESI.IoC", "CORESI.IoC\CORESI.IoC.csproj", "{4542EE4D-6382-4318-B47F-B3ADC47EF8AA}"
EndProject
Project("{FAE04EC0-301F-11D3-BF4B-00C04F79EFBC}") = "EXGEPA.HotelElDjazair", "EXGEPA.HotelElDjazair\EXGEPA.HotelElDjazair.csproj", "{620A7C23-68F5-4D05-BB13-16E62AB9B3E8}"
EndProject
Project("{FAE04EC0-301F-11D3-BF4B-00C04F79EFBC}") = "CORESI.Security", "CORESI.Security\CORESI.Security.csproj", "{3EF0B9B7-F6F9-4538-8496-FC870BE455AA}"
EndProject
Project("{FAE04EC0-301F-11D3-BF4B-00C04F79EFBC}") = "CORESI.Tools", "CORESI.Tools\CORESI.Tools.csproj", "{3D84E36E-574E-4F12-AD62-49578CB4D651}"
EndProject
Project("{FAE04EC0-301F-11D3-BF4B-00C04F79EFBC}") = "CORESI.WPF", "CORESI.WPF\CORESI.WPF.csproj", "{5BA5C32B-8083-4BB1-8E9B-D64B59856B90}"
EndProject
Project("{FAE04EC0-301F-11D3-BF4B-00C04F79EFBC}") = "CORESI.Data", "CORESI.Data\CORESI.Data.csproj", "{B9E918C1-3125-4D0E-993D-2D922912A49C}"
EndProject
Project("{FAE04EC0-301F-11D3-BF4B-00C04F79EFBC}") = "CORESI.DataAccess.Core.Tests", "CORESI.DataAccess.Core.Tests\CORESI.DataAccess.Core.Tests.csproj", "{A543D7C8-1C6B-4966-B515-C492BB3D1BE3}"
EndProject
Project("{FAE04EC0-301F-11D3-BF4B-00C04F79EFBC}") = "EXGEPA.Hyproc", "Hyproc\EXGEPA.Hyproc.csproj", "{79CC165D-B919-4239-BD84-792F0AB82936}"
EndProject
Project("{FAE04EC0-301F-11D3-BF4B-00C04F79EFBC}") = "EXGEPA.Core", "EXGEPA.Core\EXGEPA.Core.csproj", "{46BC067B-F010-4D0D-801B-959DBDE9A7E3}"
EndProject
Project("{2150E333-8FDC-42A3-9474-1A3956D46DE8}") = "Clients Features", "Clients Features", "{91FF7DB1-B892-424F-9544-00629FF4E4B6}"
EndProject
Project("{2150E333-8FDC-42A3-9474-1A3956D46DE8}") = "CORESI Framwork", "CORESI Framwork", "{16916BA6-CB97-46B9-826C-82943BAB0B3F}"
EndProject
Project("{2150E333-8FDC-42A3-9474-1A3956D46DE8}") = "Modules", "Modules", "{AB04B249-6E33-43F6-9675-1C217A841BF3}"
EndProject
Project("{2150E333-8FDC-42A3-9474-1A3956D46DE8}") = "EXGEPA.CORE", "EXGEPA.CORE", "{4C145F73-3948-40A9-B9EF-4EDE69D471E1}"
EndProject
Project("{2150E333-8FDC-42A3-9474-1A3956D46DE8}") = "Data Transfert", "Data Transfert", "{A2148541-9015-4CF0-B6C4-6685604B1870}"
EndProject
Project("{FAE04EC0-301F-11D3-BF4B-00C04F79EFBC}") = "EXGEPA.DataLoader.Access", "EXGEPA.DataLoader.Access\EXGEPA.DataLoader.Access.csproj", "{25B48721-6FCB-4600-ACD2-6C015DAF3BA7}"
EndProject
Project("{2150E333-8FDC-42A3-9474-1A3956D46DE8}") = "Tests", "Tests", "{061581AD-4759-411B-BC8B-06F8547EE53B}"
EndProject
Project("{FAE04EC0-301F-11D3-BF4B-00C04F79EFBC}") = "Transfert.Tests", "Transfert.Tests\Transfert.Tests.csproj", "{AE6ACA03-689F-46EB-93C5-E0FC58E24C7F}"
EndProject
Project("{FAE04EC0-301F-11D3-BF4B-00C04F79EFBC}") = "EXGEPA.DataBaseCopy", "EXGEPA.DataBaseCopy\EXGEPA.DataBaseCopy.csproj", "{95577276-55C0-4B30-9D40-6922FE284E89}"
EndProject
Project("{FAE04EC0-301F-11D3-BF4B-00C04F79EFBC}") = "CORESI.WPF.Controls", "CORESI.WPF.Controls\CORESI.WPF.Controls.csproj", "{33F2993C-F05C-45C1-827C-1CACA3B30734}"
EndProject
Project("{FAE04EC0-301F-11D3-BF4B-00C04F79EFBC}") = "EXGEPA.Sonatrach", "EXGEPA.Sonatrach\EXGEPA.Sonatrach.csproj", "{56FB1EED-E98C-4639-B5DA-5E1B04F20831}"
EndProject
Project("{FAE04EC0-301F-11D3-BF4B-00C04F79EFBC}") = "EXGEPA.Administration", "EXGEPA.Administration\EXGEPA.Administration.csproj", "{ED2D844E-6124-4030-84D5-108F47E73076}"
EndProject
Project("{FAE04EC0-301F-11D3-BF4B-00C04F79EFBC}") = "EXGEPA.Saidal", "EXGEPA.Saidal\EXGEPA.Saidal.csproj", "{20026006-00D9-4460-8527-A1FF26D74B2F}"
EndProject
Project("{FAE04EC0-301F-11D3-BF4B-00C04F79EFBC}") = "EXGEPA.Repository.Report", "EXGEPA.Repository.Report\EXGEPA.Repository.Report.csproj", "{3E4B6BB0-2364-4E98-9AFA-6841F87B0129}"
EndProject
Project("{FAE04EC0-301F-11D3-BF4B-00C04F79EFBC}") = "EXGEPA.Security", "EXGEPA.Security\EXGEPA.Security.csproj", "{C4B431D9-2DF6-44E9-B549-EEB5182DBABE}"
EndProject
Project("{FAE04EC0-301F-11D3-BF4B-00C04F79EFBC}") = "EXGEPA.DeviceManager.Android", "EXGEPA.DeviceManager.Android\EXGEPA.DeviceManager.Android.csproj", "{8C8346EE-5B59-4F7F-9E0D-A84A0F43C639}"
EndProject
Project("{FAE04EC0-301F-11D3-BF4B-00C04F79EFBC}") = "EXGEPA.Items.Report", "EXGEPA.Items.Report\EXGEPA.Items.Report.csproj", "{2526E506-CF42-4DB8-86F0-0B0A77E5C767}"
EndProject
Project("{FAE04EC0-301F-11D3-BF4B-00C04F79EFBC}") = "EXGEPA.Transfert.Core", "EXGEPA.Transfert.Core\EXGEPA.Transfert.Core.csproj", "{9AABD86C-2ED8-4229-932C-A7958C80B16D}"
EndProject
Project("{FAE04EC0-301F-11D3-BF4B-00C04F79EFBC}") = "CORESI.ReportViewer", "CORESI.ReportViewer\CORESI.ReportViewer.csproj", "{B01B6AD8-B8F7-4F61-825F-77D6AA0CEAAC}"
EndProject
Project("{2150E333-8FDC-42A3-9474-1A3956D46DE8}") = "Saidal", "Saidal", "{BD6DB4E1-9376-4DD9-BD71-44055F362DC5}"
EndProject
Project("{FAE04EC0-301F-11D3-BF4B-00C04F79EFBC}") = "EXGEPA.Saidal.Core", "EXGEPA.Saidal.Core\EXGEPA.Saidal.Core.csproj", "{0984CC5D-FD5E-4A0F-AE40-9228C5E8C3A7}"
EndProject
Project("{2150E333-8FDC-42A3-9474-1A3956D46DE8}") = "Cosidar", "Cosidar", "{9998BCCB-1FBB-47FD-8458-EE8D5908C033}"
EndProject
Project("{FAE04EC0-301F-11D3-BF4B-00C04F79EFBC}") = "EXGEPA.Cosider", "EXGEPA.Cosider\EXGEPA.Cosider.csproj", "{138E2390-6B43-4F9A-82F9-47AF0BBDA0DC}"
EndProject
Global
	GlobalSection(SolutionConfigurationPlatforms) = preSolution
		Debug|Any CPU = Debug|Any CPU
		Debug|x64 = Debug|x64
		Debug|x86 = Debug|x86
		Release|Any CPU = Release|Any CPU
		Release|x64 = Release|x64
		Release|x86 = Release|x86
	EndGlobalSection
	GlobalSection(ProjectConfigurationPlatforms) = postSolution
		{15868D3E-0F23-4462-8098-F3E9EA92ED4D}.Debug|Any CPU.ActiveCfg = Debug|Any CPU
		{15868D3E-0F23-4462-8098-F3E9EA92ED4D}.Debug|Any CPU.Build.0 = Debug|Any CPU
		{15868D3E-0F23-4462-8098-F3E9EA92ED4D}.Debug|x64.ActiveCfg = Debug|x64
		{15868D3E-0F23-4462-8098-F3E9EA92ED4D}.Debug|x64.Build.0 = Debug|x64
		{15868D3E-0F23-4462-8098-F3E9EA92ED4D}.Debug|x86.ActiveCfg = Debug|x86
		{15868D3E-0F23-4462-8098-F3E9EA92ED4D}.Debug|x86.Build.0 = Debug|x86
		{15868D3E-0F23-4462-8098-F3E9EA92ED4D}.Release|Any CPU.ActiveCfg = Release|Any CPU
		{15868D3E-0F23-4462-8098-F3E9EA92ED4D}.Release|Any CPU.Build.0 = Release|Any CPU
		{15868D3E-0F23-4462-8098-F3E9EA92ED4D}.Release|x64.ActiveCfg = Release|x64
		{15868D3E-0F23-4462-8098-F3E9EA92ED4D}.Release|x64.Build.0 = Release|x64
		{15868D3E-0F23-4462-8098-F3E9EA92ED4D}.Release|x86.ActiveCfg = Release|x86
		{15868D3E-0F23-4462-8098-F3E9EA92ED4D}.Release|x86.Build.0 = Release|x86
		{3F0D2C86-6076-44CA-B9A1-6949CBAF6C36}.Debug|Any CPU.ActiveCfg = Debug|Any CPU
		{3F0D2C86-6076-44CA-B9A1-6949CBAF6C36}.Debug|Any CPU.Build.0 = Debug|Any CPU
		{3F0D2C86-6076-44CA-B9A1-6949CBAF6C36}.Debug|x64.ActiveCfg = Debug|x64
		{3F0D2C86-6076-44CA-B9A1-6949CBAF6C36}.Debug|x64.Build.0 = Debug|x64
		{3F0D2C86-6076-44CA-B9A1-6949CBAF6C36}.Debug|x86.ActiveCfg = Debug|x86
		{3F0D2C86-6076-44CA-B9A1-6949CBAF6C36}.Debug|x86.Build.0 = Debug|x86
		{3F0D2C86-6076-44CA-B9A1-6949CBAF6C36}.Release|Any CPU.ActiveCfg = Release|Any CPU
		{3F0D2C86-6076-44CA-B9A1-6949CBAF6C36}.Release|Any CPU.Build.0 = Release|Any CPU
		{3F0D2C86-6076-44CA-B9A1-6949CBAF6C36}.Release|x64.ActiveCfg = Release|x64
		{3F0D2C86-6076-44CA-B9A1-6949CBAF6C36}.Release|x64.Build.0 = Release|x64
		{3F0D2C86-6076-44CA-B9A1-6949CBAF6C36}.Release|x86.ActiveCfg = Release|x86
		{3F0D2C86-6076-44CA-B9A1-6949CBAF6C36}.Release|x86.Build.0 = Release|x86
		{4D05F206-6D6B-416A-9A71-7D98261DBC24}.Debug|Any CPU.ActiveCfg = Debug|Any CPU
		{4D05F206-6D6B-416A-9A71-7D98261DBC24}.Debug|Any CPU.Build.0 = Debug|Any CPU
		{4D05F206-6D6B-416A-9A71-7D98261DBC24}.Debug|x64.ActiveCfg = Debug|x64
		{4D05F206-6D6B-416A-9A71-7D98261DBC24}.Debug|x64.Build.0 = Debug|x64
		{4D05F206-6D6B-416A-9A71-7D98261DBC24}.Debug|x86.ActiveCfg = Debug|x86
		{4D05F206-6D6B-416A-9A71-7D98261DBC24}.Debug|x86.Build.0 = Debug|x86
		{4D05F206-6D6B-416A-9A71-7D98261DBC24}.Release|Any CPU.ActiveCfg = Release|Any CPU
		{4D05F206-6D6B-416A-9A71-7D98261DBC24}.Release|Any CPU.Build.0 = Release|Any CPU
		{4D05F206-6D6B-416A-9A71-7D98261DBC24}.Release|x64.ActiveCfg = Release|x64
		{4D05F206-6D6B-416A-9A71-7D98261DBC24}.Release|x64.Build.0 = Release|x64
		{4D05F206-6D6B-416A-9A71-7D98261DBC24}.Release|x86.ActiveCfg = Release|x86
		{4D05F206-6D6B-416A-9A71-7D98261DBC24}.Release|x86.Build.0 = Release|x86
		{E8E75679-CD86-44F0-A2B5-B43809063A37}.Debug|Any CPU.ActiveCfg = Debug|Any CPU
		{E8E75679-CD86-44F0-A2B5-B43809063A37}.Debug|Any CPU.Build.0 = Debug|Any CPU
		{E8E75679-CD86-44F0-A2B5-B43809063A37}.Debug|x64.ActiveCfg = Debug|x64
		{E8E75679-CD86-44F0-A2B5-B43809063A37}.Debug|x64.Build.0 = Debug|x64
		{E8E75679-CD86-44F0-A2B5-B43809063A37}.Debug|x86.ActiveCfg = Debug|x86
		{E8E75679-CD86-44F0-A2B5-B43809063A37}.Debug|x86.Build.0 = Debug|x86
		{E8E75679-CD86-44F0-A2B5-B43809063A37}.Release|Any CPU.ActiveCfg = Release|Any CPU
		{E8E75679-CD86-44F0-A2B5-B43809063A37}.Release|Any CPU.Build.0 = Release|Any CPU
		{E8E75679-CD86-44F0-A2B5-B43809063A37}.Release|x64.ActiveCfg = Release|x64
		{E8E75679-CD86-44F0-A2B5-B43809063A37}.Release|x64.Build.0 = Release|x64
		{E8E75679-CD86-44F0-A2B5-B43809063A37}.Release|x86.ActiveCfg = Release|x86
		{E8E75679-CD86-44F0-A2B5-B43809063A37}.Release|x86.Build.0 = Release|x86
		{C06E3B51-B410-497B-A5F6-264C281F8F40}.Debug|Any CPU.ActiveCfg = Debug|Any CPU
		{C06E3B51-B410-497B-A5F6-264C281F8F40}.Debug|Any CPU.Build.0 = Debug|Any CPU
		{C06E3B51-B410-497B-A5F6-264C281F8F40}.Debug|x64.ActiveCfg = Debug|x64
		{C06E3B51-B410-497B-A5F6-264C281F8F40}.Debug|x64.Build.0 = Debug|x64
		{C06E3B51-B410-497B-A5F6-264C281F8F40}.Debug|x86.ActiveCfg = Debug|x86
		{C06E3B51-B410-497B-A5F6-264C281F8F40}.Debug|x86.Build.0 = Debug|x86
		{C06E3B51-B410-497B-A5F6-264C281F8F40}.Release|Any CPU.ActiveCfg = Release|Any CPU
		{C06E3B51-B410-497B-A5F6-264C281F8F40}.Release|Any CPU.Build.0 = Release|Any CPU
		{C06E3B51-B410-497B-A5F6-264C281F8F40}.Release|x64.ActiveCfg = Release|x64
		{C06E3B51-B410-497B-A5F6-264C281F8F40}.Release|x64.Build.0 = Release|x64
		{C06E3B51-B410-497B-A5F6-264C281F8F40}.Release|x86.ActiveCfg = Release|x86
		{C06E3B51-B410-497B-A5F6-264C281F8F40}.Release|x86.Build.0 = Release|x86
		{AECF6350-3725-408C-8B86-54B242064146}.Debug|Any CPU.ActiveCfg = Debug|Any CPU
		{AECF6350-3725-408C-8B86-54B242064146}.Debug|Any CPU.Build.0 = Debug|Any CPU
		{AECF6350-3725-408C-8B86-54B242064146}.Debug|x64.ActiveCfg = Debug|x64
		{AECF6350-3725-408C-8B86-54B242064146}.Debug|x64.Build.0 = Debug|x64
		{AECF6350-3725-408C-8B86-54B242064146}.Debug|x86.ActiveCfg = Debug|x86
		{AECF6350-3725-408C-8B86-54B242064146}.Debug|x86.Build.0 = Debug|x86
		{AECF6350-3725-408C-8B86-54B242064146}.Release|Any CPU.ActiveCfg = Release|Any CPU
		{AECF6350-3725-408C-8B86-54B242064146}.Release|Any CPU.Build.0 = Release|Any CPU
		{AECF6350-3725-408C-8B86-54B242064146}.Release|x64.ActiveCfg = Release|x64
		{AECF6350-3725-408C-8B86-54B242064146}.Release|x64.Build.0 = Release|x64
		{AECF6350-3725-408C-8B86-54B242064146}.Release|x86.ActiveCfg = Release|x86
		{AECF6350-3725-408C-8B86-54B242064146}.Release|x86.Build.0 = Release|x86
		{DB93910C-CCD4-4EB2-9DE3-240379EA049F}.Debug|Any CPU.ActiveCfg = Debug|Any CPU
		{DB93910C-CCD4-4EB2-9DE3-240379EA049F}.Debug|Any CPU.Build.0 = Debug|Any CPU
		{DB93910C-CCD4-4EB2-9DE3-240379EA049F}.Debug|x64.ActiveCfg = Debug|x64
		{DB93910C-CCD4-4EB2-9DE3-240379EA049F}.Debug|x64.Build.0 = Debug|x64
		{DB93910C-CCD4-4EB2-9DE3-240379EA049F}.Debug|x86.ActiveCfg = Debug|x86
		{DB93910C-CCD4-4EB2-9DE3-240379EA049F}.Debug|x86.Build.0 = Debug|x86
		{DB93910C-CCD4-4EB2-9DE3-240379EA049F}.Release|Any CPU.ActiveCfg = Release|Any CPU
		{DB93910C-CCD4-4EB2-9DE3-240379EA049F}.Release|Any CPU.Build.0 = Release|Any CPU
		{DB93910C-CCD4-4EB2-9DE3-240379EA049F}.Release|x64.ActiveCfg = Release|x64
		{DB93910C-CCD4-4EB2-9DE3-240379EA049F}.Release|x64.Build.0 = Release|x64
		{DB93910C-CCD4-4EB2-9DE3-240379EA049F}.Release|x86.ActiveCfg = Release|x86
		{DB93910C-CCD4-4EB2-9DE3-240379EA049F}.Release|x86.Build.0 = Release|x86
		{08C3281E-EC89-4C37-B775-911153818BC9}.Debug|Any CPU.ActiveCfg = Debug|Any CPU
		{08C3281E-EC89-4C37-B775-911153818BC9}.Debug|Any CPU.Build.0 = Debug|Any CPU
		{08C3281E-EC89-4C37-B775-911153818BC9}.Debug|x64.ActiveCfg = Debug|x64
		{08C3281E-EC89-4C37-B775-911153818BC9}.Debug|x64.Build.0 = Debug|x64
		{08C3281E-EC89-4C37-B775-911153818BC9}.Debug|x86.ActiveCfg = Debug|x86
		{08C3281E-EC89-4C37-B775-911153818BC9}.Debug|x86.Build.0 = Debug|x86
		{08C3281E-EC89-4C37-B775-911153818BC9}.Release|Any CPU.ActiveCfg = Release|Any CPU
		{08C3281E-EC89-4C37-B775-911153818BC9}.Release|Any CPU.Build.0 = Release|Any CPU
		{08C3281E-EC89-4C37-B775-911153818BC9}.Release|x64.ActiveCfg = Release|x64
		{08C3281E-EC89-4C37-B775-911153818BC9}.Release|x64.Build.0 = Release|x64
		{08C3281E-EC89-4C37-B775-911153818BC9}.Release|x86.ActiveCfg = Release|x86
		{08C3281E-EC89-4C37-B775-911153818BC9}.Release|x86.Build.0 = Release|x86
		{7E4CB855-C839-4C29-B1A3-37861CDF6262}.Debug|Any CPU.ActiveCfg = Debug|Any CPU
		{7E4CB855-C839-4C29-B1A3-37861CDF6262}.Debug|Any CPU.Build.0 = Debug|Any CPU
		{7E4CB855-C839-4C29-B1A3-37861CDF6262}.Debug|x64.ActiveCfg = Debug|x64
		{7E4CB855-C839-4C29-B1A3-37861CDF6262}.Debug|x64.Build.0 = Debug|x64
		{7E4CB855-C839-4C29-B1A3-37861CDF6262}.Debug|x86.ActiveCfg = Debug|x86
		{7E4CB855-C839-4C29-B1A3-37861CDF6262}.Debug|x86.Build.0 = Debug|x86
		{7E4CB855-C839-4C29-B1A3-37861CDF6262}.Release|Any CPU.ActiveCfg = Release|Any CPU
		{7E4CB855-C839-4C29-B1A3-37861CDF6262}.Release|Any CPU.Build.0 = Release|Any CPU
		{7E4CB855-C839-4C29-B1A3-37861CDF6262}.Release|x64.ActiveCfg = Release|x64
		{7E4CB855-C839-4C29-B1A3-37861CDF6262}.Release|x64.Build.0 = Release|x64
		{7E4CB855-C839-4C29-B1A3-37861CDF6262}.Release|x86.ActiveCfg = Release|x86
		{7E4CB855-C839-4C29-B1A3-37861CDF6262}.Release|x86.Build.0 = Release|x86
		{92DE82BC-FED0-4E42-ACB4-C411CF530064}.Debug|Any CPU.ActiveCfg = Debug|Any CPU
		{92DE82BC-FED0-4E42-ACB4-C411CF530064}.Debug|Any CPU.Build.0 = Debug|Any CPU
		{92DE82BC-FED0-4E42-ACB4-C411CF530064}.Debug|x64.ActiveCfg = Debug|x64
		{92DE82BC-FED0-4E42-ACB4-C411CF530064}.Debug|x64.Build.0 = Debug|x64
		{92DE82BC-FED0-4E42-ACB4-C411CF530064}.Debug|x86.ActiveCfg = Debug|x86
		{92DE82BC-FED0-4E42-ACB4-C411CF530064}.Debug|x86.Build.0 = Debug|x86
		{92DE82BC-FED0-4E42-ACB4-C411CF530064}.Release|Any CPU.ActiveCfg = Release|Any CPU
		{92DE82BC-FED0-4E42-ACB4-C411CF530064}.Release|Any CPU.Build.0 = Release|Any CPU
		{92DE82BC-FED0-4E42-ACB4-C411CF530064}.Release|x64.ActiveCfg = Release|x64
		{92DE82BC-FED0-4E42-ACB4-C411CF530064}.Release|x64.Build.0 = Release|x64
		{92DE82BC-FED0-4E42-ACB4-C411CF530064}.Release|x86.ActiveCfg = Release|x86
		{92DE82BC-FED0-4E42-ACB4-C411CF530064}.Release|x86.Build.0 = Release|x86
		{DC52FB6E-0CB7-4103-BBC9-948D5BC73F41}.Debug|Any CPU.ActiveCfg = Debug|Any CPU
		{DC52FB6E-0CB7-4103-BBC9-948D5BC73F41}.Debug|Any CPU.Build.0 = Debug|Any CPU
		{DC52FB6E-0CB7-4103-BBC9-948D5BC73F41}.Debug|x64.ActiveCfg = Debug|x64
		{DC52FB6E-0CB7-4103-BBC9-948D5BC73F41}.Debug|x64.Build.0 = Debug|x64
		{DC52FB6E-0CB7-4103-BBC9-948D5BC73F41}.Debug|x86.ActiveCfg = Debug|x86
		{DC52FB6E-0CB7-4103-BBC9-948D5BC73F41}.Debug|x86.Build.0 = Debug|x86
		{DC52FB6E-0CB7-4103-BBC9-948D5BC73F41}.Release|Any CPU.ActiveCfg = Release|Any CPU
		{DC52FB6E-0CB7-4103-BBC9-948D5BC73F41}.Release|Any CPU.Build.0 = Release|Any CPU
		{DC52FB6E-0CB7-4103-BBC9-948D5BC73F41}.Release|x64.ActiveCfg = Release|x64
		{DC52FB6E-0CB7-4103-BBC9-948D5BC73F41}.Release|x64.Build.0 = Release|x64
		{DC52FB6E-0CB7-4103-BBC9-948D5BC73F41}.Release|x86.ActiveCfg = Release|x86
		{DC52FB6E-0CB7-4103-BBC9-948D5BC73F41}.Release|x86.Build.0 = Release|x86
		{A8CA1926-D928-44B6-B36C-D60C8271BD7D}.Debug|Any CPU.ActiveCfg = Debug|Any CPU
		{A8CA1926-D928-44B6-B36C-D60C8271BD7D}.Debug|Any CPU.Build.0 = Debug|Any CPU
		{A8CA1926-D928-44B6-B36C-D60C8271BD7D}.Debug|x64.ActiveCfg = Debug|x64
		{A8CA1926-D928-44B6-B36C-D60C8271BD7D}.Debug|x64.Build.0 = Debug|x64
		{A8CA1926-D928-44B6-B36C-D60C8271BD7D}.Debug|x86.ActiveCfg = Debug|x86
		{A8CA1926-D928-44B6-B36C-D60C8271BD7D}.Debug|x86.Build.0 = Debug|x86
		{A8CA1926-D928-44B6-B36C-D60C8271BD7D}.Release|Any CPU.ActiveCfg = Release|Any CPU
		{A8CA1926-D928-44B6-B36C-D60C8271BD7D}.Release|Any CPU.Build.0 = Release|Any CPU
		{A8CA1926-D928-44B6-B36C-D60C8271BD7D}.Release|x64.ActiveCfg = Release|x64
		{A8CA1926-D928-44B6-B36C-D60C8271BD7D}.Release|x64.Build.0 = Release|x64
		{A8CA1926-D928-44B6-B36C-D60C8271BD7D}.Release|x86.ActiveCfg = Release|x86
		{A8CA1926-D928-44B6-B36C-D60C8271BD7D}.Release|x86.Build.0 = Release|x86
		{4CFAEFBB-791B-4398-9D10-E96EAA6A39EF}.Debug|Any CPU.ActiveCfg = Debug|Any CPU
		{4CFAEFBB-791B-4398-9D10-E96EAA6A39EF}.Debug|Any CPU.Build.0 = Debug|Any CPU
		{4CFAEFBB-791B-4398-9D10-E96EAA6A39EF}.Debug|x64.ActiveCfg = Debug|x64
		{4CFAEFBB-791B-4398-9D10-E96EAA6A39EF}.Debug|x64.Build.0 = Debug|x64
		{4CFAEFBB-791B-4398-9D10-E96EAA6A39EF}.Debug|x86.ActiveCfg = Debug|x86
		{4CFAEFBB-791B-4398-9D10-E96EAA6A39EF}.Debug|x86.Build.0 = Debug|x86
		{4CFAEFBB-791B-4398-9D10-E96EAA6A39EF}.Release|Any CPU.ActiveCfg = Release|Any CPU
		{4CFAEFBB-791B-4398-9D10-E96EAA6A39EF}.Release|Any CPU.Build.0 = Release|Any CPU
		{4CFAEFBB-791B-4398-9D10-E96EAA6A39EF}.Release|x64.ActiveCfg = Release|x64
		{4CFAEFBB-791B-4398-9D10-E96EAA6A39EF}.Release|x64.Build.0 = Release|x64
		{4CFAEFBB-791B-4398-9D10-E96EAA6A39EF}.Release|x86.ActiveCfg = Release|x86
		{4CFAEFBB-791B-4398-9D10-E96EAA6A39EF}.Release|x86.Build.0 = Release|x86
		{64E9F215-BF65-4533-822E-EB09181401F8}.Debug|Any CPU.ActiveCfg = Debug|Any CPU
		{64E9F215-BF65-4533-822E-EB09181401F8}.Debug|Any CPU.Build.0 = Debug|Any CPU
		{64E9F215-BF65-4533-822E-EB09181401F8}.Debug|x64.ActiveCfg = Debug|x64
		{64E9F215-BF65-4533-822E-EB09181401F8}.Debug|x64.Build.0 = Debug|x64
		{64E9F215-BF65-4533-822E-EB09181401F8}.Debug|x86.ActiveCfg = Debug|x86
		{64E9F215-BF65-4533-822E-EB09181401F8}.Debug|x86.Build.0 = Debug|x86
		{64E9F215-BF65-4533-822E-EB09181401F8}.Release|Any CPU.ActiveCfg = Release|Any CPU
		{64E9F215-BF65-4533-822E-EB09181401F8}.Release|Any CPU.Build.0 = Release|Any CPU
		{64E9F215-BF65-4533-822E-EB09181401F8}.Release|x64.ActiveCfg = Release|x64
		{64E9F215-BF65-4533-822E-EB09181401F8}.Release|x64.Build.0 = Release|x64
		{64E9F215-BF65-4533-822E-EB09181401F8}.Release|x86.ActiveCfg = Release|x86
		{64E9F215-BF65-4533-822E-EB09181401F8}.Release|x86.Build.0 = Release|x86
		{DA25254B-17B0-41A8-80EA-916D3A11797B}.Debug|Any CPU.ActiveCfg = Debug|Any CPU
		{DA25254B-17B0-41A8-80EA-916D3A11797B}.Debug|Any CPU.Build.0 = Debug|Any CPU
		{DA25254B-17B0-41A8-80EA-916D3A11797B}.Debug|x64.ActiveCfg = Debug|x64
		{DA25254B-17B0-41A8-80EA-916D3A11797B}.Debug|x64.Build.0 = Debug|x64
		{DA25254B-17B0-41A8-80EA-916D3A11797B}.Debug|x86.ActiveCfg = Debug|x86
		{DA25254B-17B0-41A8-80EA-916D3A11797B}.Debug|x86.Build.0 = Debug|x86
		{DA25254B-17B0-41A8-80EA-916D3A11797B}.Release|Any CPU.ActiveCfg = Release|Any CPU
		{DA25254B-17B0-41A8-80EA-916D3A11797B}.Release|Any CPU.Build.0 = Release|Any CPU
		{DA25254B-17B0-41A8-80EA-916D3A11797B}.Release|x64.ActiveCfg = Release|x64
		{DA25254B-17B0-41A8-80EA-916D3A11797B}.Release|x64.Build.0 = Release|x64
		{DA25254B-17B0-41A8-80EA-916D3A11797B}.Release|x86.ActiveCfg = Release|x86
		{DA25254B-17B0-41A8-80EA-916D3A11797B}.Release|x86.Build.0 = Release|x86
		{FB77B3A8-6FEB-422C-A93E-E82A7A9E4501}.Debug|Any CPU.ActiveCfg = Debug|Any CPU
		{FB77B3A8-6FEB-422C-A93E-E82A7A9E4501}.Debug|Any CPU.Build.0 = Debug|Any CPU
		{FB77B3A8-6FEB-422C-A93E-E82A7A9E4501}.Debug|x64.ActiveCfg = Debug|x64
		{FB77B3A8-6FEB-422C-A93E-E82A7A9E4501}.Debug|x64.Build.0 = Debug|x64
		{FB77B3A8-6FEB-422C-A93E-E82A7A9E4501}.Debug|x86.ActiveCfg = Debug|x86
		{FB77B3A8-6FEB-422C-A93E-E82A7A9E4501}.Debug|x86.Build.0 = Debug|x86
		{FB77B3A8-6FEB-422C-A93E-E82A7A9E4501}.Release|Any CPU.ActiveCfg = Release|Any CPU
		{FB77B3A8-6FEB-422C-A93E-E82A7A9E4501}.Release|Any CPU.Build.0 = Release|Any CPU
		{FB77B3A8-6FEB-422C-A93E-E82A7A9E4501}.Release|x64.ActiveCfg = Release|x64
		{FB77B3A8-6FEB-422C-A93E-E82A7A9E4501}.Release|x64.Build.0 = Release|x64
		{FB77B3A8-6FEB-422C-A93E-E82A7A9E4501}.Release|x86.ActiveCfg = Release|x86
		{FB77B3A8-6FEB-422C-A93E-E82A7A9E4501}.Release|x86.Build.0 = Release|x86
		{DEBD1B8E-7578-42DF-9047-7DE237552EFC}.Debug|Any CPU.ActiveCfg = Debug|Any CPU
		{DEBD1B8E-7578-42DF-9047-7DE237552EFC}.Debug|Any CPU.Build.0 = Debug|Any CPU
		{DEBD1B8E-7578-42DF-9047-7DE237552EFC}.Debug|x64.ActiveCfg = Debug|x64
		{DEBD1B8E-7578-42DF-9047-7DE237552EFC}.Debug|x64.Build.0 = Debug|x64
		{DEBD1B8E-7578-42DF-9047-7DE237552EFC}.Debug|x86.ActiveCfg = Debug|x86
		{DEBD1B8E-7578-42DF-9047-7DE237552EFC}.Debug|x86.Build.0 = Debug|x86
		{DEBD1B8E-7578-42DF-9047-7DE237552EFC}.Release|Any CPU.ActiveCfg = Release|Any CPU
		{DEBD1B8E-7578-42DF-9047-7DE237552EFC}.Release|Any CPU.Build.0 = Release|Any CPU
		{DEBD1B8E-7578-42DF-9047-7DE237552EFC}.Release|x64.ActiveCfg = Release|x64
		{DEBD1B8E-7578-42DF-9047-7DE237552EFC}.Release|x64.Build.0 = Release|x64
		{DEBD1B8E-7578-42DF-9047-7DE237552EFC}.Release|x86.ActiveCfg = Release|x86
		{DEBD1B8E-7578-42DF-9047-7DE237552EFC}.Release|x86.Build.0 = Release|x86
		{C5E4A616-6396-4325-982E-9EC66EDAF576}.Debug|Any CPU.ActiveCfg = Debug|Any CPU
		{C5E4A616-6396-4325-982E-9EC66EDAF576}.Debug|Any CPU.Build.0 = Debug|Any CPU
		{C5E4A616-6396-4325-982E-9EC66EDAF576}.Debug|x64.ActiveCfg = Debug|x64
		{C5E4A616-6396-4325-982E-9EC66EDAF576}.Debug|x64.Build.0 = Debug|x64
		{C5E4A616-6396-4325-982E-9EC66EDAF576}.Debug|x86.ActiveCfg = Debug|x86
		{C5E4A616-6396-4325-982E-9EC66EDAF576}.Debug|x86.Build.0 = Debug|x86
		{C5E4A616-6396-4325-982E-9EC66EDAF576}.Release|Any CPU.ActiveCfg = Release|Any CPU
		{C5E4A616-6396-4325-982E-9EC66EDAF576}.Release|Any CPU.Build.0 = Release|Any CPU
		{C5E4A616-6396-4325-982E-9EC66EDAF576}.Release|x64.ActiveCfg = Release|x64
		{C5E4A616-6396-4325-982E-9EC66EDAF576}.Release|x64.Build.0 = Release|x64
		{C5E4A616-6396-4325-982E-9EC66EDAF576}.Release|x86.ActiveCfg = Release|x86
		{C5E4A616-6396-4325-982E-9EC66EDAF576}.Release|x86.Build.0 = Release|x86
		{E3C431ED-F432-485B-85BB-0C48013812C7}.Debug|Any CPU.ActiveCfg = Debug|Any CPU
		{E3C431ED-F432-485B-85BB-0C48013812C7}.Debug|Any CPU.Build.0 = Debug|Any CPU
		{E3C431ED-F432-485B-85BB-0C48013812C7}.Debug|x64.ActiveCfg = Debug|x64
		{E3C431ED-F432-485B-85BB-0C48013812C7}.Debug|x64.Build.0 = Debug|x64
		{E3C431ED-F432-485B-85BB-0C48013812C7}.Debug|x86.ActiveCfg = Debug|x86
		{E3C431ED-F432-485B-85BB-0C48013812C7}.Debug|x86.Build.0 = Debug|x86
		{E3C431ED-F432-485B-85BB-0C48013812C7}.Release|Any CPU.ActiveCfg = Release|Any CPU
		{E3C431ED-F432-485B-85BB-0C48013812C7}.Release|Any CPU.Build.0 = Release|Any CPU
		{E3C431ED-F432-485B-85BB-0C48013812C7}.Release|x64.ActiveCfg = Release|x64
		{E3C431ED-F432-485B-85BB-0C48013812C7}.Release|x64.Build.0 = Release|x64
		{E3C431ED-F432-485B-85BB-0C48013812C7}.Release|x86.ActiveCfg = Release|x86
		{E3C431ED-F432-485B-85BB-0C48013812C7}.Release|x86.Build.0 = Release|x86
		{B9485348-2275-41DA-87E9-F504C4154650}.Debug|Any CPU.ActiveCfg = Debug|Any CPU
		{B9485348-2275-41DA-87E9-F504C4154650}.Debug|Any CPU.Build.0 = Debug|Any CPU
		{B9485348-2275-41DA-87E9-F504C4154650}.Debug|x64.ActiveCfg = Debug|x64
		{B9485348-2275-41DA-87E9-F504C4154650}.Debug|x64.Build.0 = Debug|x64
		{B9485348-2275-41DA-87E9-F504C4154650}.Debug|x86.ActiveCfg = Debug|x86
		{B9485348-2275-41DA-87E9-F504C4154650}.Debug|x86.Build.0 = Debug|x86
		{B9485348-2275-41DA-87E9-F504C4154650}.Release|Any CPU.ActiveCfg = Release|Any CPU
		{B9485348-2275-41DA-87E9-F504C4154650}.Release|Any CPU.Build.0 = Release|Any CPU
		{B9485348-2275-41DA-87E9-F504C4154650}.Release|x64.ActiveCfg = Release|x64
		{B9485348-2275-41DA-87E9-F504C4154650}.Release|x64.Build.0 = Release|x64
		{B9485348-2275-41DA-87E9-F504C4154650}.Release|x86.ActiveCfg = Release|x86
		{B9485348-2275-41DA-87E9-F504C4154650}.Release|x86.Build.0 = Release|x86
		{4542EE4D-6382-4318-B47F-B3ADC47EF8AA}.Debug|Any CPU.ActiveCfg = Debug|Any CPU
		{4542EE4D-6382-4318-B47F-B3ADC47EF8AA}.Debug|Any CPU.Build.0 = Debug|Any CPU
		{4542EE4D-6382-4318-B47F-B3ADC47EF8AA}.Debug|x64.ActiveCfg = Debug|x64
		{4542EE4D-6382-4318-B47F-B3ADC47EF8AA}.Debug|x64.Build.0 = Debug|x64
		{4542EE4D-6382-4318-B47F-B3ADC47EF8AA}.Debug|x86.ActiveCfg = Debug|x86
		{4542EE4D-6382-4318-B47F-B3ADC47EF8AA}.Debug|x86.Build.0 = Debug|x86
		{4542EE4D-6382-4318-B47F-B3ADC47EF8AA}.Release|Any CPU.ActiveCfg = Release|Any CPU
		{4542EE4D-6382-4318-B47F-B3ADC47EF8AA}.Release|Any CPU.Build.0 = Release|Any CPU
		{4542EE4D-6382-4318-B47F-B3ADC47EF8AA}.Release|x64.ActiveCfg = Release|x64
		{4542EE4D-6382-4318-B47F-B3ADC47EF8AA}.Release|x64.Build.0 = Release|x64
		{4542EE4D-6382-4318-B47F-B3ADC47EF8AA}.Release|x86.ActiveCfg = Release|x86
		{4542EE4D-6382-4318-B47F-B3ADC47EF8AA}.Release|x86.Build.0 = Release|x86
		{620A7C23-68F5-4D05-BB13-16E62AB9B3E8}.Debug|Any CPU.ActiveCfg = Debug|Any CPU
		{620A7C23-68F5-4D05-BB13-16E62AB9B3E8}.Debug|Any CPU.Build.0 = Debug|Any CPU
		{620A7C23-68F5-4D05-BB13-16E62AB9B3E8}.Debug|x64.ActiveCfg = Debug|x64
		{620A7C23-68F5-4D05-BB13-16E62AB9B3E8}.Debug|x64.Build.0 = Debug|x64
		{620A7C23-68F5-4D05-BB13-16E62AB9B3E8}.Debug|x86.ActiveCfg = Debug|x86
		{620A7C23-68F5-4D05-BB13-16E62AB9B3E8}.Debug|x86.Build.0 = Debug|x86
		{620A7C23-68F5-4D05-BB13-16E62AB9B3E8}.Release|Any CPU.ActiveCfg = Release|Any CPU
		{620A7C23-68F5-4D05-BB13-16E62AB9B3E8}.Release|Any CPU.Build.0 = Release|Any CPU
		{620A7C23-68F5-4D05-BB13-16E62AB9B3E8}.Release|x64.ActiveCfg = Release|x64
		{620A7C23-68F5-4D05-BB13-16E62AB9B3E8}.Release|x64.Build.0 = Release|x64
		{620A7C23-68F5-4D05-BB13-16E62AB9B3E8}.Release|x86.ActiveCfg = Release|x86
		{620A7C23-68F5-4D05-BB13-16E62AB9B3E8}.Release|x86.Build.0 = Release|x86
		{3EF0B9B7-F6F9-4538-8496-FC870BE455AA}.Debug|Any CPU.ActiveCfg = Debug|Any CPU
		{3EF0B9B7-F6F9-4538-8496-FC870BE455AA}.Debug|Any CPU.Build.0 = Debug|Any CPU
		{3EF0B9B7-F6F9-4538-8496-FC870BE455AA}.Debug|x64.ActiveCfg = Debug|x64
		{3EF0B9B7-F6F9-4538-8496-FC870BE455AA}.Debug|x64.Build.0 = Debug|x64
		{3EF0B9B7-F6F9-4538-8496-FC870BE455AA}.Debug|x86.ActiveCfg = Debug|x86
		{3EF0B9B7-F6F9-4538-8496-FC870BE455AA}.Debug|x86.Build.0 = Debug|x86
		{3EF0B9B7-F6F9-4538-8496-FC870BE455AA}.Release|Any CPU.ActiveCfg = Release|Any CPU
		{3EF0B9B7-F6F9-4538-8496-FC870BE455AA}.Release|Any CPU.Build.0 = Release|Any CPU
		{3EF0B9B7-F6F9-4538-8496-FC870BE455AA}.Release|x64.ActiveCfg = Release|x64
		{3EF0B9B7-F6F9-4538-8496-FC870BE455AA}.Release|x64.Build.0 = Release|x64
		{3EF0B9B7-F6F9-4538-8496-FC870BE455AA}.Release|x86.ActiveCfg = Release|x86
		{3EF0B9B7-F6F9-4538-8496-FC870BE455AA}.Release|x86.Build.0 = Release|x86
		{3D84E36E-574E-4F12-AD62-49578CB4D651}.Debug|Any CPU.ActiveCfg = Debug|Any CPU
		{3D84E36E-574E-4F12-AD62-49578CB4D651}.Debug|Any CPU.Build.0 = Debug|Any CPU
		{3D84E36E-574E-4F12-AD62-49578CB4D651}.Debug|x64.ActiveCfg = Debug|x64
		{3D84E36E-574E-4F12-AD62-49578CB4D651}.Debug|x64.Build.0 = Debug|x64
		{3D84E36E-574E-4F12-AD62-49578CB4D651}.Debug|x86.ActiveCfg = Debug|x86
		{3D84E36E-574E-4F12-AD62-49578CB4D651}.Debug|x86.Build.0 = Debug|x86
		{3D84E36E-574E-4F12-AD62-49578CB4D651}.Release|Any CPU.ActiveCfg = Release|Any CPU
		{3D84E36E-574E-4F12-AD62-49578CB4D651}.Release|Any CPU.Build.0 = Release|Any CPU
		{3D84E36E-574E-4F12-AD62-49578CB4D651}.Release|x64.ActiveCfg = Release|x64
		{3D84E36E-574E-4F12-AD62-49578CB4D651}.Release|x64.Build.0 = Release|x64
		{3D84E36E-574E-4F12-AD62-49578CB4D651}.Release|x86.ActiveCfg = Release|x86
		{3D84E36E-574E-4F12-AD62-49578CB4D651}.Release|x86.Build.0 = Release|x86
		{5BA5C32B-8083-4BB1-8E9B-D64B59856B90}.Debug|Any CPU.ActiveCfg = Debug|Any CPU
		{5BA5C32B-8083-4BB1-8E9B-D64B59856B90}.Debug|Any CPU.Build.0 = Debug|Any CPU
		{5BA5C32B-8083-4BB1-8E9B-D64B59856B90}.Debug|x64.ActiveCfg = Debug|x64
		{5BA5C32B-8083-4BB1-8E9B-D64B59856B90}.Debug|x64.Build.0 = Debug|x64
		{5BA5C32B-8083-4BB1-8E9B-D64B59856B90}.Debug|x86.ActiveCfg = Debug|x86
		{5BA5C32B-8083-4BB1-8E9B-D64B59856B90}.Debug|x86.Build.0 = Debug|x86
		{5BA5C32B-8083-4BB1-8E9B-D64B59856B90}.Release|Any CPU.ActiveCfg = Release|Any CPU
		{5BA5C32B-8083-4BB1-8E9B-D64B59856B90}.Release|Any CPU.Build.0 = Release|Any CPU
		{5BA5C32B-8083-4BB1-8E9B-D64B59856B90}.Release|x64.ActiveCfg = Release|x64
		{5BA5C32B-8083-4BB1-8E9B-D64B59856B90}.Release|x64.Build.0 = Release|x64
		{5BA5C32B-8083-4BB1-8E9B-D64B59856B90}.Release|x86.ActiveCfg = Release|x86
		{5BA5C32B-8083-4BB1-8E9B-D64B59856B90}.Release|x86.Build.0 = Release|x86
		{B9E918C1-3125-4D0E-993D-2D922912A49C}.Debug|Any CPU.ActiveCfg = Debug|Any CPU
		{B9E918C1-3125-4D0E-993D-2D922912A49C}.Debug|Any CPU.Build.0 = Debug|Any CPU
		{B9E918C1-3125-4D0E-993D-2D922912A49C}.Debug|x64.ActiveCfg = Debug|x64
		{B9E918C1-3125-4D0E-993D-2D922912A49C}.Debug|x64.Build.0 = Debug|x64
		{B9E918C1-3125-4D0E-993D-2D922912A49C}.Debug|x86.ActiveCfg = Debug|x86
		{B9E918C1-3125-4D0E-993D-2D922912A49C}.Debug|x86.Build.0 = Debug|x86
		{B9E918C1-3125-4D0E-993D-2D922912A49C}.Release|Any CPU.ActiveCfg = Release|Any CPU
		{B9E918C1-3125-4D0E-993D-2D922912A49C}.Release|Any CPU.Build.0 = Release|Any CPU
		{B9E918C1-3125-4D0E-993D-2D922912A49C}.Release|x64.ActiveCfg = Release|x64
		{B9E918C1-3125-4D0E-993D-2D922912A49C}.Release|x64.Build.0 = Release|x64
		{B9E918C1-3125-4D0E-993D-2D922912A49C}.Release|x86.ActiveCfg = Release|x86
		{B9E918C1-3125-4D0E-993D-2D922912A49C}.Release|x86.Build.0 = Release|x86
		{A543D7C8-1C6B-4966-B515-C492BB3D1BE3}.Debug|Any CPU.ActiveCfg = Debug|Any CPU
		{A543D7C8-1C6B-4966-B515-C492BB3D1BE3}.Debug|Any CPU.Build.0 = Debug|Any CPU
		{A543D7C8-1C6B-4966-B515-C492BB3D1BE3}.Debug|x64.ActiveCfg = Debug|x64
		{A543D7C8-1C6B-4966-B515-C492BB3D1BE3}.Debug|x64.Build.0 = Debug|x64
		{A543D7C8-1C6B-4966-B515-C492BB3D1BE3}.Debug|x86.ActiveCfg = Debug|x86
		{A543D7C8-1C6B-4966-B515-C492BB3D1BE3}.Debug|x86.Build.0 = Debug|x86
		{A543D7C8-1C6B-4966-B515-C492BB3D1BE3}.Release|Any CPU.ActiveCfg = Release|Any CPU
		{A543D7C8-1C6B-4966-B515-C492BB3D1BE3}.Release|Any CPU.Build.0 = Release|Any CPU
		{A543D7C8-1C6B-4966-B515-C492BB3D1BE3}.Release|x64.ActiveCfg = Release|x64
		{A543D7C8-1C6B-4966-B515-C492BB3D1BE3}.Release|x64.Build.0 = Release|x64
		{A543D7C8-1C6B-4966-B515-C492BB3D1BE3}.Release|x86.ActiveCfg = Release|x86
		{A543D7C8-1C6B-4966-B515-C492BB3D1BE3}.Release|x86.Build.0 = Release|x86
		{79CC165D-B919-4239-BD84-792F0AB82936}.Debug|Any CPU.ActiveCfg = Debug|Any CPU
		{79CC165D-B919-4239-BD84-792F0AB82936}.Debug|Any CPU.Build.0 = Debug|Any CPU
		{79CC165D-B919-4239-BD84-792F0AB82936}.Debug|x64.ActiveCfg = Debug|x64
		{79CC165D-B919-4239-BD84-792F0AB82936}.Debug|x64.Build.0 = Debug|x64
		{79CC165D-B919-4239-BD84-792F0AB82936}.Debug|x86.ActiveCfg = Debug|x86
		{79CC165D-B919-4239-BD84-792F0AB82936}.Debug|x86.Build.0 = Debug|x86
		{79CC165D-B919-4239-BD84-792F0AB82936}.Release|Any CPU.ActiveCfg = Release|Any CPU
		{79CC165D-B919-4239-BD84-792F0AB82936}.Release|Any CPU.Build.0 = Release|Any CPU
		{79CC165D-B919-4239-BD84-792F0AB82936}.Release|x64.ActiveCfg = Release|x64
		{79CC165D-B919-4239-BD84-792F0AB82936}.Release|x64.Build.0 = Release|x64
		{79CC165D-B919-4239-BD84-792F0AB82936}.Release|x86.ActiveCfg = Release|x86
		{79CC165D-B919-4239-BD84-792F0AB82936}.Release|x86.Build.0 = Release|x86
		{46BC067B-F010-4D0D-801B-959DBDE9A7E3}.Debug|Any CPU.ActiveCfg = Debug|Any CPU
		{46BC067B-F010-4D0D-801B-959DBDE9A7E3}.Debug|Any CPU.Build.0 = Debug|Any CPU
		{46BC067B-F010-4D0D-801B-959DBDE9A7E3}.Debug|x64.ActiveCfg = Debug|x64
		{46BC067B-F010-4D0D-801B-959DBDE9A7E3}.Debug|x64.Build.0 = Debug|x64
		{46BC067B-F010-4D0D-801B-959DBDE9A7E3}.Debug|x86.ActiveCfg = Debug|x86
		{46BC067B-F010-4D0D-801B-959DBDE9A7E3}.Debug|x86.Build.0 = Debug|x86
		{46BC067B-F010-4D0D-801B-959DBDE9A7E3}.Release|Any CPU.ActiveCfg = Release|Any CPU
		{46BC067B-F010-4D0D-801B-959DBDE9A7E3}.Release|Any CPU.Build.0 = Release|Any CPU
		{46BC067B-F010-4D0D-801B-959DBDE9A7E3}.Release|x64.ActiveCfg = Release|x64
		{46BC067B-F010-4D0D-801B-959DBDE9A7E3}.Release|x64.Build.0 = Release|x64
		{46BC067B-F010-4D0D-801B-959DBDE9A7E3}.Release|x86.ActiveCfg = Release|x86
		{46BC067B-F010-4D0D-801B-959DBDE9A7E3}.Release|x86.Build.0 = Release|x86
		{25B48721-6FCB-4600-ACD2-6C015DAF3BA7}.Debug|Any CPU.ActiveCfg = Debug|Any CPU
		{25B48721-6FCB-4600-ACD2-6C015DAF3BA7}.Debug|Any CPU.Build.0 = Debug|Any CPU
		{25B48721-6FCB-4600-ACD2-6C015DAF3BA7}.Debug|x64.ActiveCfg = Debug|Any CPU
		{25B48721-6FCB-4600-ACD2-6C015DAF3BA7}.Debug|x64.Build.0 = Debug|Any CPU
		{25B48721-6FCB-4600-ACD2-6C015DAF3BA7}.Debug|x86.ActiveCfg = Debug|Any CPU
		{25B48721-6FCB-4600-ACD2-6C015DAF3BA7}.Debug|x86.Build.0 = Debug|Any CPU
		{25B48721-6FCB-4600-ACD2-6C015DAF3BA7}.Release|Any CPU.ActiveCfg = Release|Any CPU
		{25B48721-6FCB-4600-ACD2-6C015DAF3BA7}.Release|Any CPU.Build.0 = Release|Any CPU
		{25B48721-6FCB-4600-ACD2-6C015DAF3BA7}.Release|x64.ActiveCfg = Release|Any CPU
		{25B48721-6FCB-4600-ACD2-6C015DAF3BA7}.Release|x64.Build.0 = Release|Any CPU
		{25B48721-6FCB-4600-ACD2-6C015DAF3BA7}.Release|x86.ActiveCfg = Release|Any CPU
		{25B48721-6FCB-4600-ACD2-6C015DAF3BA7}.Release|x86.Build.0 = Release|Any CPU
		{AE6ACA03-689F-46EB-93C5-E0FC58E24C7F}.Debug|Any CPU.ActiveCfg = Debug|Any CPU
		{AE6ACA03-689F-46EB-93C5-E0FC58E24C7F}.Debug|Any CPU.Build.0 = Debug|Any CPU
		{AE6ACA03-689F-46EB-93C5-E0FC58E24C7F}.Debug|x64.ActiveCfg = Debug|Any CPU
		{AE6ACA03-689F-46EB-93C5-E0FC58E24C7F}.Debug|x64.Build.0 = Debug|Any CPU
		{AE6ACA03-689F-46EB-93C5-E0FC58E24C7F}.Debug|x86.ActiveCfg = Debug|Any CPU
		{AE6ACA03-689F-46EB-93C5-E0FC58E24C7F}.Debug|x86.Build.0 = Debug|Any CPU
		{AE6ACA03-689F-46EB-93C5-E0FC58E24C7F}.Release|Any CPU.ActiveCfg = Release|Any CPU
		{AE6ACA03-689F-46EB-93C5-E0FC58E24C7F}.Release|Any CPU.Build.0 = Release|Any CPU
		{AE6ACA03-689F-46EB-93C5-E0FC58E24C7F}.Release|x64.ActiveCfg = Release|Any CPU
		{AE6ACA03-689F-46EB-93C5-E0FC58E24C7F}.Release|x64.Build.0 = Release|Any CPU
		{AE6ACA03-689F-46EB-93C5-E0FC58E24C7F}.Release|x86.ActiveCfg = Release|Any CPU
		{AE6ACA03-689F-46EB-93C5-E0FC58E24C7F}.Release|x86.Build.0 = Release|Any CPU
		{95577276-55C0-4B30-9D40-6922FE284E89}.Debug|Any CPU.ActiveCfg = Debug|Any CPU
		{95577276-55C0-4B30-9D40-6922FE284E89}.Debug|Any CPU.Build.0 = Debug|Any CPU
		{95577276-55C0-4B30-9D40-6922FE284E89}.Debug|x64.ActiveCfg = Debug|Any CPU
		{95577276-55C0-4B30-9D40-6922FE284E89}.Debug|x64.Build.0 = Debug|Any CPU
		{95577276-55C0-4B30-9D40-6922FE284E89}.Debug|x86.ActiveCfg = Debug|Any CPU
		{95577276-55C0-4B30-9D40-6922FE284E89}.Debug|x86.Build.0 = Debug|Any CPU
		{95577276-55C0-4B30-9D40-6922FE284E89}.Release|Any CPU.ActiveCfg = Release|Any CPU
		{95577276-55C0-4B30-9D40-6922FE284E89}.Release|Any CPU.Build.0 = Release|Any CPU
		{95577276-55C0-4B30-9D40-6922FE284E89}.Release|x64.ActiveCfg = Release|Any CPU
		{95577276-55C0-4B30-9D40-6922FE284E89}.Release|x64.Build.0 = Release|Any CPU
		{95577276-55C0-4B30-9D40-6922FE284E89}.Release|x86.ActiveCfg = Release|Any CPU
		{95577276-55C0-4B30-9D40-6922FE284E89}.Release|x86.Build.0 = Release|Any CPU
		{33F2993C-F05C-45C1-827C-1CACA3B30734}.Debug|Any CPU.ActiveCfg = Debug|Any CPU
		{33F2993C-F05C-45C1-827C-1CACA3B30734}.Debug|Any CPU.Build.0 = Debug|Any CPU
		{33F2993C-F05C-45C1-827C-1CACA3B30734}.Debug|x64.ActiveCfg = Debug|Any CPU
		{33F2993C-F05C-45C1-827C-1CACA3B30734}.Debug|x64.Build.0 = Debug|Any CPU
		{33F2993C-F05C-45C1-827C-1CACA3B30734}.Debug|x86.ActiveCfg = Debug|Any CPU
		{33F2993C-F05C-45C1-827C-1CACA3B30734}.Debug|x86.Build.0 = Debug|Any CPU
		{33F2993C-F05C-45C1-827C-1CACA3B30734}.Release|Any CPU.ActiveCfg = Release|Any CPU
		{33F2993C-F05C-45C1-827C-1CACA3B30734}.Release|Any CPU.Build.0 = Release|Any CPU
		{33F2993C-F05C-45C1-827C-1CACA3B30734}.Release|x64.ActiveCfg = Release|Any CPU
		{33F2993C-F05C-45C1-827C-1CACA3B30734}.Release|x64.Build.0 = Release|Any CPU
		{33F2993C-F05C-45C1-827C-1CACA3B30734}.Release|x86.ActiveCfg = Release|Any CPU
		{33F2993C-F05C-45C1-827C-1CACA3B30734}.Release|x86.Build.0 = Release|Any CPU
		{56FB1EED-E98C-4639-B5DA-5E1B04F20831}.Debug|Any CPU.ActiveCfg = Debug|Any CPU
		{56FB1EED-E98C-4639-B5DA-5E1B04F20831}.Debug|Any CPU.Build.0 = Debug|Any CPU
		{56FB1EED-E98C-4639-B5DA-5E1B04F20831}.Debug|x64.ActiveCfg = Debug|Any CPU
		{56FB1EED-E98C-4639-B5DA-5E1B04F20831}.Debug|x64.Build.0 = Debug|Any CPU
		{56FB1EED-E98C-4639-B5DA-5E1B04F20831}.Debug|x86.ActiveCfg = Debug|Any CPU
		{56FB1EED-E98C-4639-B5DA-5E1B04F20831}.Debug|x86.Build.0 = Debug|Any CPU
		{56FB1EED-E98C-4639-B5DA-5E1B04F20831}.Release|Any CPU.ActiveCfg = Release|Any CPU
		{56FB1EED-E98C-4639-B5DA-5E1B04F20831}.Release|Any CPU.Build.0 = Release|Any CPU
		{56FB1EED-E98C-4639-B5DA-5E1B04F20831}.Release|x64.ActiveCfg = Release|Any CPU
		{56FB1EED-E98C-4639-B5DA-5E1B04F20831}.Release|x64.Build.0 = Release|Any CPU
		{56FB1EED-E98C-4639-B5DA-5E1B04F20831}.Release|x86.ActiveCfg = Release|Any CPU
		{56FB1EED-E98C-4639-B5DA-5E1B04F20831}.Release|x86.Build.0 = Release|Any CPU
		{ED2D844E-6124-4030-84D5-108F47E73076}.Debug|Any CPU.ActiveCfg = Debug|Any CPU
		{ED2D844E-6124-4030-84D5-108F47E73076}.Debug|Any CPU.Build.0 = Debug|Any CPU
		{ED2D844E-6124-4030-84D5-108F47E73076}.Debug|x64.ActiveCfg = Debug|Any CPU
		{ED2D844E-6124-4030-84D5-108F47E73076}.Debug|x64.Build.0 = Debug|Any CPU
		{ED2D844E-6124-4030-84D5-108F47E73076}.Debug|x86.ActiveCfg = Debug|Any CPU
		{ED2D844E-6124-4030-84D5-108F47E73076}.Debug|x86.Build.0 = Debug|Any CPU
		{ED2D844E-6124-4030-84D5-108F47E73076}.Release|Any CPU.ActiveCfg = Release|Any CPU
		{ED2D844E-6124-4030-84D5-108F47E73076}.Release|Any CPU.Build.0 = Release|Any CPU
		{ED2D844E-6124-4030-84D5-108F47E73076}.Release|x64.ActiveCfg = Release|Any CPU
		{ED2D844E-6124-4030-84D5-108F47E73076}.Release|x64.Build.0 = Release|Any CPU
		{ED2D844E-6124-4030-84D5-108F47E73076}.Release|x86.ActiveCfg = Release|Any CPU
		{ED2D844E-6124-4030-84D5-108F47E73076}.Release|x86.Build.0 = Release|Any CPU
		{20026006-00D9-4460-8527-A1FF26D74B2F}.Debug|Any CPU.ActiveCfg = Debug|Any CPU
		{20026006-00D9-4460-8527-A1FF26D74B2F}.Debug|Any CPU.Build.0 = Debug|Any CPU
		{20026006-00D9-4460-8527-A1FF26D74B2F}.Debug|x64.ActiveCfg = Debug|Any CPU
		{20026006-00D9-4460-8527-A1FF26D74B2F}.Debug|x64.Build.0 = Debug|Any CPU
		{20026006-00D9-4460-8527-A1FF26D74B2F}.Debug|x86.ActiveCfg = Debug|Any CPU
		{20026006-00D9-4460-8527-A1FF26D74B2F}.Debug|x86.Build.0 = Debug|Any CPU
		{20026006-00D9-4460-8527-A1FF26D74B2F}.Release|Any CPU.ActiveCfg = Release|Any CPU
		{20026006-00D9-4460-8527-A1FF26D74B2F}.Release|Any CPU.Build.0 = Release|Any CPU
		{20026006-00D9-4460-8527-A1FF26D74B2F}.Release|x64.ActiveCfg = Release|Any CPU
		{20026006-00D9-4460-8527-A1FF26D74B2F}.Release|x64.Build.0 = Release|Any CPU
		{20026006-00D9-4460-8527-A1FF26D74B2F}.Release|x86.ActiveCfg = Release|Any CPU
		{20026006-00D9-4460-8527-A1FF26D74B2F}.Release|x86.Build.0 = Release|Any CPU
		{3E4B6BB0-2364-4E98-9AFA-6841F87B0129}.Debug|Any CPU.ActiveCfg = Debug|Any CPU
		{3E4B6BB0-2364-4E98-9AFA-6841F87B0129}.Debug|Any CPU.Build.0 = Debug|Any CPU
		{3E4B6BB0-2364-4E98-9AFA-6841F87B0129}.Debug|x64.ActiveCfg = Debug|Any CPU
		{3E4B6BB0-2364-4E98-9AFA-6841F87B0129}.Debug|x64.Build.0 = Debug|Any CPU
		{3E4B6BB0-2364-4E98-9AFA-6841F87B0129}.Debug|x86.ActiveCfg = Debug|Any CPU
		{3E4B6BB0-2364-4E98-9AFA-6841F87B0129}.Debug|x86.Build.0 = Debug|Any CPU
		{3E4B6BB0-2364-4E98-9AFA-6841F87B0129}.Release|Any CPU.ActiveCfg = Release|Any CPU
		{3E4B6BB0-2364-4E98-9AFA-6841F87B0129}.Release|Any CPU.Build.0 = Release|Any CPU
		{3E4B6BB0-2364-4E98-9AFA-6841F87B0129}.Release|x64.ActiveCfg = Release|Any CPU
		{3E4B6BB0-2364-4E98-9AFA-6841F87B0129}.Release|x64.Build.0 = Release|Any CPU
		{3E4B6BB0-2364-4E98-9AFA-6841F87B0129}.Release|x86.ActiveCfg = Release|Any CPU
		{3E4B6BB0-2364-4E98-9AFA-6841F87B0129}.Release|x86.Build.0 = Release|Any CPU
		{C4B431D9-2DF6-44E9-B549-EEB5182DBABE}.Debug|Any CPU.ActiveCfg = Debug|Any CPU
		{C4B431D9-2DF6-44E9-B549-EEB5182DBABE}.Debug|Any CPU.Build.0 = Debug|Any CPU
		{C4B431D9-2DF6-44E9-B549-EEB5182DBABE}.Debug|x64.ActiveCfg = Debug|Any CPU
		{C4B431D9-2DF6-44E9-B549-EEB5182DBABE}.Debug|x64.Build.0 = Debug|Any CPU
		{C4B431D9-2DF6-44E9-B549-EEB5182DBABE}.Debug|x86.ActiveCfg = Debug|Any CPU
		{C4B431D9-2DF6-44E9-B549-EEB5182DBABE}.Debug|x86.Build.0 = Debug|Any CPU
		{C4B431D9-2DF6-44E9-B549-EEB5182DBABE}.Release|Any CPU.ActiveCfg = Release|Any CPU
		{C4B431D9-2DF6-44E9-B549-EEB5182DBABE}.Release|Any CPU.Build.0 = Release|Any CPU
		{C4B431D9-2DF6-44E9-B549-EEB5182DBABE}.Release|x64.ActiveCfg = Release|Any CPU
		{C4B431D9-2DF6-44E9-B549-EEB5182DBABE}.Release|x64.Build.0 = Release|Any CPU
		{C4B431D9-2DF6-44E9-B549-EEB5182DBABE}.Release|x86.ActiveCfg = Release|Any CPU
		{C4B431D9-2DF6-44E9-B549-EEB5182DBABE}.Release|x86.Build.0 = Release|Any CPU
		{8C8346EE-5B59-4F7F-9E0D-A84A0F43C639}.Debug|Any CPU.ActiveCfg = Debug|Any CPU
		{8C8346EE-5B59-4F7F-9E0D-A84A0F43C639}.Debug|Any CPU.Build.0 = Debug|Any CPU
		{8C8346EE-5B59-4F7F-9E0D-A84A0F43C639}.Debug|x64.ActiveCfg = Debug|Any CPU
		{8C8346EE-5B59-4F7F-9E0D-A84A0F43C639}.Debug|x64.Build.0 = Debug|Any CPU
		{8C8346EE-5B59-4F7F-9E0D-A84A0F43C639}.Debug|x86.ActiveCfg = Debug|Any CPU
		{8C8346EE-5B59-4F7F-9E0D-A84A0F43C639}.Debug|x86.Build.0 = Debug|Any CPU
		{8C8346EE-5B59-4F7F-9E0D-A84A0F43C639}.Release|Any CPU.ActiveCfg = Release|Any CPU
		{8C8346EE-5B59-4F7F-9E0D-A84A0F43C639}.Release|Any CPU.Build.0 = Release|Any CPU
		{8C8346EE-5B59-4F7F-9E0D-A84A0F43C639}.Release|x64.ActiveCfg = Release|Any CPU
		{8C8346EE-5B59-4F7F-9E0D-A84A0F43C639}.Release|x64.Build.0 = Release|Any CPU
		{8C8346EE-5B59-4F7F-9E0D-A84A0F43C639}.Release|x86.ActiveCfg = Release|Any CPU
		{8C8346EE-5B59-4F7F-9E0D-A84A0F43C639}.Release|x86.Build.0 = Release|Any CPU
		{2526E506-CF42-4DB8-86F0-0B0A77E5C767}.Debug|Any CPU.ActiveCfg = Debug|Any CPU
		{2526E506-CF42-4DB8-86F0-0B0A77E5C767}.Debug|Any CPU.Build.0 = Debug|Any CPU
		{2526E506-CF42-4DB8-86F0-0B0A77E5C767}.Debug|x64.ActiveCfg = Debug|Any CPU
		{2526E506-CF42-4DB8-86F0-0B0A77E5C767}.Debug|x64.Build.0 = Debug|Any CPU
		{2526E506-CF42-4DB8-86F0-0B0A77E5C767}.Debug|x86.ActiveCfg = Debug|Any CPU
		{2526E506-CF42-4DB8-86F0-0B0A77E5C767}.Debug|x86.Build.0 = Debug|Any CPU
		{2526E506-CF42-4DB8-86F0-0B0A77E5C767}.Release|Any CPU.ActiveCfg = Release|Any CPU
		{2526E506-CF42-4DB8-86F0-0B0A77E5C767}.Release|Any CPU.Build.0 = Release|Any CPU
		{2526E506-CF42-4DB8-86F0-0B0A77E5C767}.Release|x64.ActiveCfg = Release|Any CPU
		{2526E506-CF42-4DB8-86F0-0B0A77E5C767}.Release|x64.Build.0 = Release|Any CPU
		{2526E506-CF42-4DB8-86F0-0B0A77E5C767}.Release|x86.ActiveCfg = Release|Any CPU
		{2526E506-CF42-4DB8-86F0-0B0A77E5C767}.Release|x86.Build.0 = Release|Any CPU
		{9AABD86C-2ED8-4229-932C-A7958C80B16D}.Debug|Any CPU.ActiveCfg = Debug|Any CPU
		{9AABD86C-2ED8-4229-932C-A7958C80B16D}.Debug|Any CPU.Build.0 = Debug|Any CPU
		{9AABD86C-2ED8-4229-932C-A7958C80B16D}.Debug|x64.ActiveCfg = Debug|Any CPU
		{9AABD86C-2ED8-4229-932C-A7958C80B16D}.Debug|x64.Build.0 = Debug|Any CPU
		{9AABD86C-2ED8-4229-932C-A7958C80B16D}.Debug|x86.ActiveCfg = Debug|Any CPU
		{9AABD86C-2ED8-4229-932C-A7958C80B16D}.Debug|x86.Build.0 = Debug|Any CPU
		{9AABD86C-2ED8-4229-932C-A7958C80B16D}.Release|Any CPU.ActiveCfg = Release|Any CPU
		{9AABD86C-2ED8-4229-932C-A7958C80B16D}.Release|Any CPU.Build.0 = Release|Any CPU
		{9AABD86C-2ED8-4229-932C-A7958C80B16D}.Release|x64.ActiveCfg = Release|Any CPU
		{9AABD86C-2ED8-4229-932C-A7958C80B16D}.Release|x64.Build.0 = Release|Any CPU
		{9AABD86C-2ED8-4229-932C-A7958C80B16D}.Release|x86.ActiveCfg = Release|Any CPU
		{9AABD86C-2ED8-4229-932C-A7958C80B16D}.Release|x86.Build.0 = Release|Any CPU
		{B01B6AD8-B8F7-4F61-825F-77D6AA0CEAAC}.Debug|Any CPU.ActiveCfg = Debug|Any CPU
		{B01B6AD8-B8F7-4F61-825F-77D6AA0CEAAC}.Debug|Any CPU.Build.0 = Debug|Any CPU
		{B01B6AD8-B8F7-4F61-825F-77D6AA0CEAAC}.Debug|x64.ActiveCfg = Debug|Any CPU
		{B01B6AD8-B8F7-4F61-825F-77D6AA0CEAAC}.Debug|x64.Build.0 = Debug|Any CPU
		{B01B6AD8-B8F7-4F61-825F-77D6AA0CEAAC}.Debug|x86.ActiveCfg = Debug|Any CPU
		{B01B6AD8-B8F7-4F61-825F-77D6AA0CEAAC}.Debug|x86.Build.0 = Debug|Any CPU
		{B01B6AD8-B8F7-4F61-825F-77D6AA0CEAAC}.Release|Any CPU.ActiveCfg = Release|Any CPU
		{B01B6AD8-B8F7-4F61-825F-77D6AA0CEAAC}.Release|Any CPU.Build.0 = Release|Any CPU
		{B01B6AD8-B8F7-4F61-825F-77D6AA0CEAAC}.Release|x64.ActiveCfg = Release|Any CPU
		{B01B6AD8-B8F7-4F61-825F-77D6AA0CEAAC}.Release|x64.Build.0 = Release|Any CPU
		{B01B6AD8-B8F7-4F61-825F-77D6AA0CEAAC}.Release|x86.ActiveCfg = Release|Any CPU
		{B01B6AD8-B8F7-4F61-825F-77D6AA0CEAAC}.Release|x86.Build.0 = Release|Any CPU
		{0984CC5D-FD5E-4A0F-AE40-9228C5E8C3A7}.Debug|Any CPU.ActiveCfg = Debug|Any CPU
		{0984CC5D-FD5E-4A0F-AE40-9228C5E8C3A7}.Debug|Any CPU.Build.0 = Debug|Any CPU
		{0984CC5D-FD5E-4A0F-AE40-9228C5E8C3A7}.Debug|x64.ActiveCfg = Debug|Any CPU
		{0984CC5D-FD5E-4A0F-AE40-9228C5E8C3A7}.Debug|x64.Build.0 = Debug|Any CPU
		{0984CC5D-FD5E-4A0F-AE40-9228C5E8C3A7}.Debug|x86.ActiveCfg = Debug|Any CPU
		{0984CC5D-FD5E-4A0F-AE40-9228C5E8C3A7}.Debug|x86.Build.0 = Debug|Any CPU
		{0984CC5D-FD5E-4A0F-AE40-9228C5E8C3A7}.Release|Any CPU.ActiveCfg = Release|Any CPU
		{0984CC5D-FD5E-4A0F-AE40-9228C5E8C3A7}.Release|Any CPU.Build.0 = Release|Any CPU
		{0984CC5D-FD5E-4A0F-AE40-9228C5E8C3A7}.Release|x64.ActiveCfg = Release|Any CPU
		{0984CC5D-FD5E-4A0F-AE40-9228C5E8C3A7}.Release|x64.Build.0 = Release|Any CPU
		{0984CC5D-FD5E-4A0F-AE40-9228C5E8C3A7}.Release|x86.ActiveCfg = Release|Any CPU
		{0984CC5D-FD5E-4A0F-AE40-9228C5E8C3A7}.Release|x86.Build.0 = Release|Any CPU
		{138E2390-6B43-4F9A-82F9-47AF0BBDA0DC}.Debug|Any CPU.ActiveCfg = Debug|Any CPU
		{138E2390-6B43-4F9A-82F9-47AF0BBDA0DC}.Debug|Any CPU.Build.0 = Debug|Any CPU
		{138E2390-6B43-4F9A-82F9-47AF0BBDA0DC}.Debug|x64.ActiveCfg = Debug|Any CPU
		{138E2390-6B43-4F9A-82F9-47AF0BBDA0DC}.Debug|x64.Build.0 = Debug|Any CPU
		{138E2390-6B43-4F9A-82F9-47AF0BBDA0DC}.Debug|x86.ActiveCfg = Debug|Any CPU
		{138E2390-6B43-4F9A-82F9-47AF0BBDA0DC}.Debug|x86.Build.0 = Debug|Any CPU
		{138E2390-6B43-4F9A-82F9-47AF0BBDA0DC}.Release|Any CPU.ActiveCfg = Release|Any CPU
		{138E2390-6B43-4F9A-82F9-47AF0BBDA0DC}.Release|Any CPU.Build.0 = Release|Any CPU
		{138E2390-6B43-4F9A-82F9-47AF0BBDA0DC}.Release|x64.ActiveCfg = Release|Any CPU
		{138E2390-6B43-4F9A-82F9-47AF0BBDA0DC}.Release|x64.Build.0 = Release|Any CPU
		{138E2390-6B43-4F9A-82F9-47AF0BBDA0DC}.Release|x86.ActiveCfg = Release|Any CPU
		{138E2390-6B43-4F9A-82F9-47AF0BBDA0DC}.Release|x86.Build.0 = Release|Any CPU
	EndGlobalSection
	GlobalSection(SolutionProperties) = preSolution
		HideSolutionNode = FALSE
	EndGlobalSection
	GlobalSection(NestedProjects) = preSolution
		{3F0D2C86-6076-44CA-B9A1-6949CBAF6C36} = {4C145F73-3948-40A9-B9EF-4EDE69D471E1}
		{4D05F206-6D6B-416A-9A71-7D98261DBC24} = {AB04B249-6E33-43F6-9675-1C217A841BF3}
		{E8E75679-CD86-44F0-A2B5-B43809063A37} = {16916BA6-CB97-46B9-826C-82943BAB0B3F}
		{C06E3B51-B410-497B-A5F6-264C281F8F40} = {16916BA6-CB97-46B9-826C-82943BAB0B3F}
		{AECF6350-3725-408C-8B86-54B242064146} = {AB04B249-6E33-43F6-9675-1C217A841BF3}
		{DB93910C-CCD4-4EB2-9DE3-240379EA049F} = {AB04B249-6E33-43F6-9675-1C217A841BF3}
		{08C3281E-EC89-4C37-B775-911153818BC9} = {AB04B249-6E33-43F6-9675-1C217A841BF3}
		{7E4CB855-C839-4C29-B1A3-37861CDF6262} = {AB04B249-6E33-43F6-9675-1C217A841BF3}
		{92DE82BC-FED0-4E42-ACB4-C411CF530064} = {4C145F73-3948-40A9-B9EF-4EDE69D471E1}
		{DC52FB6E-0CB7-4103-BBC9-948D5BC73F41} = {AB04B249-6E33-43F6-9675-1C217A841BF3}
		{A8CA1926-D928-44B6-B36C-D60C8271BD7D} = {4C145F73-3948-40A9-B9EF-4EDE69D471E1}
		{4CFAEFBB-791B-4398-9D10-E96EAA6A39EF} = {A2148541-9015-4CF0-B6C4-6685604B1870}
		{64E9F215-BF65-4533-822E-EB09181401F8} = {16916BA6-CB97-46B9-826C-82943BAB0B3F}
		{DA25254B-17B0-41A8-80EA-916D3A11797B} = {A2148541-9015-4CF0-B6C4-6685604B1870}
		{FB77B3A8-6FEB-422C-A93E-E82A7A9E4501} = {AB04B249-6E33-43F6-9675-1C217A841BF3}
		{DEBD1B8E-7578-42DF-9047-7DE237552EFC} = {AB04B249-6E33-43F6-9675-1C217A841BF3}
		{C5E4A616-6396-4325-982E-9EC66EDAF576} = {AB04B249-6E33-43F6-9675-1C217A841BF3}
		{E3C431ED-F432-485B-85BB-0C48013812C7} = {BE5F1F40-C861-4806-9E64-FC5B408613E0}
		{B9485348-2275-41DA-87E9-F504C4154650} = {4C145F73-3948-40A9-B9EF-4EDE69D471E1}
		{4542EE4D-6382-4318-B47F-B3ADC47EF8AA} = {16916BA6-CB97-46B9-826C-82943BAB0B3F}
		{620A7C23-68F5-4D05-BB13-16E62AB9B3E8} = {91FF7DB1-B892-424F-9544-00629FF4E4B6}
		{3EF0B9B7-F6F9-4538-8496-FC870BE455AA} = {16916BA6-CB97-46B9-826C-82943BAB0B3F}
		{3D84E36E-574E-4F12-AD62-49578CB4D651} = {16916BA6-CB97-46B9-826C-82943BAB0B3F}
		{5BA5C32B-8083-4BB1-8E9B-D64B59856B90} = {16916BA6-CB97-46B9-826C-82943BAB0B3F}
		{B9E918C1-3125-4D0E-993D-2D922912A49C} = {16916BA6-CB97-46B9-826C-82943BAB0B3F}
		{A543D7C8-1C6B-4966-B515-C492BB3D1BE3} = {BE5F1F40-C861-4806-9E64-FC5B408613E0}
		{79CC165D-B919-4239-BD84-792F0AB82936} = {91FF7DB1-B892-424F-9544-00629FF4E4B6}
		{46BC067B-F010-4D0D-801B-959DBDE9A7E3} = {4C145F73-3948-40A9-B9EF-4EDE69D471E1}
		{25B48721-6FCB-4600-ACD2-6C015DAF3BA7} = {A2148541-9015-4CF0-B6C4-6685604B1870}
		{061581AD-4759-411B-BC8B-06F8547EE53B} = {A2148541-9015-4CF0-B6C4-6685604B1870}
		{AE6ACA03-689F-46EB-93C5-E0FC58E24C7F} = {061581AD-4759-411B-BC8B-06F8547EE53B}
		{95577276-55C0-4B30-9D40-6922FE284E89} = {A2148541-9015-4CF0-B6C4-6685604B1870}
		{33F2993C-F05C-45C1-827C-1CACA3B30734} = {16916BA6-CB97-46B9-826C-82943BAB0B3F}
		{56FB1EED-E98C-4639-B5DA-5E1B04F20831} = {91FF7DB1-B892-424F-9544-00629FF4E4B6}
		{ED2D844E-6124-4030-84D5-108F47E73076} = {AB04B249-6E33-43F6-9675-1C217A841BF3}
		{20026006-00D9-4460-8527-A1FF26D74B2F} = {BD6DB4E1-9376-4DD9-BD71-44055F362DC5}
		{3E4B6BB0-2364-4E98-9AFA-6841F87B0129} = {AB04B249-6E33-43F6-9675-1C217A841BF3}
		{C4B431D9-2DF6-44E9-B549-EEB5182DBABE} = {AB04B249-6E33-43F6-9675-1C217A841BF3}
		{8C8346EE-5B59-4F7F-9E0D-A84A0F43C639} = {4C145F73-3948-40A9-B9EF-4EDE69D471E1}
		{2526E506-CF42-4DB8-86F0-0B0A77E5C767} = {AB04B249-6E33-43F6-9675-1C217A841BF3}
		{9AABD86C-2ED8-4229-932C-A7958C80B16D} = {A2148541-9015-4CF0-B6C4-6685604B1870}
		{BD6DB4E1-9376-4DD9-BD71-44055F362DC5} = {91FF7DB1-B892-424F-9544-00629FF4E4B6}
		{0984CC5D-FD5E-4A0F-AE40-9228C5E8C3A7} = {BD6DB4E1-9376-4DD9-BD71-44055F362DC5}
		{9998BCCB-1FBB-47FD-8458-EE8D5908C033} = {91FF7DB1-B892-424F-9544-00629FF4E4B6}
		{138E2390-6B43-4F9A-82F9-47AF0BBDA0DC} = {9998BCCB-1FBB-47FD-8458-EE8D5908C033}
	EndGlobalSection
	GlobalSection(ExtensibilityGlobals) = postSolution
		SolutionGuid = {B88D3B3E-3A95-478E-A2A9-365D900B975C}
	EndGlobalSection
EndGlobal
